
Microsoft Visual Studio Solution File, Format Version 12.00
# Visual Studio Version 16
VisualStudioVersion = 16.0.29509.3
MinimumVisualStudioVersion = 10.0.40219.1
Project("{FAE04EC0-301F-11D3-BF4B-00C04F79EFBC}") = "Cadaastrov2", "Cadaastrov2\Cadaastrov2.csproj", "{516E4B3E-E008-49E0-A560-D13B2136867C}"
EndProject
Global
	GlobalSection(SolutionConfigurationPlatforms) = preSolution
		Debug|Any CPU = Debug|Any CPU
		Release|Any CPU = Release|Any CPU
	EndGlobalSection
	GlobalSection(ProjectConfigurationPlatforms) = postSolution
		{516E4B3E-E008-49E0-A560-D13B2136867C}.Debug|Any CPU.ActiveCfg = Debug|Any CPU
		{516E4B3E-E008-49E0-A560-D13B2136867C}.Debug|Any CPU.Build.0 = Debug|Any CPU
		{516E4B3E-E008-49E0-A560-D13B2136867C}.Release|Any CPU.ActiveCfg = Release|Any CPU
		{516E4B3E-E008-49E0-A560-D13B2136867C}.Release|Any CPU.Build.0 = Release|Any CPU
	EndGlobalSection
	GlobalSection(SolutionProperties) = preSolution
		HideSolutionNode = FALSE
	EndGlobalSection
	GlobalSection(ExtensibilityGlobals) = postSolution
		SolutionGuid = {3D75B3AE-4E48-4060-9992-AFD92D08E26C}
	EndGlobalSection
EndGlobal
